
Microsoft Visual Studio Solution File, Format Version 12.00
# Visual Studio Version 17
VisualStudioVersion = 17.11.35303.130
MinimumVisualStudioVersion = 10.0.40219.1
Project("{2150E333-8FDC-42A3-9474-1A3956D46DE8}") = "Task0", "Task0", "{14C8D234-5170-4193-AA96-2D82DE264D10}"
EndProject
Project("{9A19103F-16F7-4668-BE54-9A1E7A4F7556}") = "Tyuiu.GubanovaSO.Sprint0.Task0.V0", "Tyuiu.GubanovaSO.Sprint0.Task0.V0\Tyuiu.GubanovaSO.Sprint0.Task0.V0.csproj", "{ED6F54A0-861F-46CA-AB6E-6DE8268F8310}"
EndProject
Project("{2150E333-8FDC-42A3-9474-1A3956D46DE8}") = "Task1", "Task1", "{B22CC0B2-EEC9-4898-96C8-D51045C9A009}"
EndProject
Project("{9A19103F-16F7-4668-BE54-9A1E7A4F7556}") = "Tyuiu.GubanovaSO.Sprint0.Task1.V0", "Tyuiu.GubanovaSO.Sprint0.Task1.V0\Tyuiu.GubanovaSO.Sprint0.Task1.V0.csproj", "{26793B43-1392-4C75-B5AD-BE9865D92D5F}"
EndProject
Project("{2150E333-8FDC-42A3-9474-1A3956D46DE8}") = "Task2", "Task2", "{B316103A-7D14-45D4-AF2A-5A28EC098D78}"
EndProject
Project("{9A19103F-16F7-4668-BE54-9A1E7A4F7556}") = "Tyuiu.GubanovaSO.Sprint0.Task2.V0", "Tyuiu.GubanovaSO.Sprint0.Task2.V0\Tyuiu.GubanovaSO.Sprint0.Task2.V0.csproj", "{4D5735FA-9697-4A12-8CE2-B96179281CF2}"
EndProject
Project("{9A19103F-16F7-4668-BE54-9A1E7A4F7556}") = "Tyuiu.GubanovaSO.Sprint0.Task2.V0.Lib", "Tyuiu.GubanovaSO.Sprint0.Task2.V0.Lib\Tyuiu.GubanovaSO.Sprint0.Task2.V0.Lib.csproj", "{3F9B8957-BB71-410A-9473-BBDA45D1F428}"
EndProject
Project("{9A19103F-16F7-4668-BE54-9A1E7A4F7556}") = "Tyuiu.GubanovaSO.Sprint0.Task2.V0.Test", "Tyuiu.GubanovaSO.Sprint0.Task2.V0.Test\Tyuiu.GubanovaSO.Sprint0.Task2.V0.Test.csproj", "{7D70A032-84F0-4FC1-93AC-36008952C1B3}"
EndProject
Project("{2150E333-8FDC-42A3-9474-1A3956D46DE8}") = "Task3", "Task3", "{58CDE43E-EEA5-464C-9F02-97109A7A8885}"
EndProject
Project("{9A19103F-16F7-4668-BE54-9A1E7A4F7556}") = "Tyuiu.GubanovaSO.Sprint0.Task3.V0.Test", "Tyuiu.GubanovaSO.Sprint0.Task3.V0.Test\Tyuiu.GubanovaSO.Sprint0.Task3.V0.Test.csproj", "{D85295DA-7C26-4F58-8DBD-D2F50FD4E6D5}"
EndProject
Project("{9A19103F-16F7-4668-BE54-9A1E7A4F7556}") = "Tyuiu.GubanovaSO.Sprint0.Task3.V0", "Tyuiu.GubanovaSO.Sprint0.Task3.V0\Tyuiu.GubanovaSO.Sprint0.Task3.V0.csproj", "{1ACE3069-0300-41E3-9B71-0954F3649439}"
EndProject
Project("{9A19103F-16F7-4668-BE54-9A1E7A4F7556}") = "Tyuiu.GubanovaSO.Sprint0.Task3.V0.Lib", "Tyuiu.GubanovaSO.Sprint0.Task3.V0.Lib\Tyuiu.GubanovaSO.Sprint0.Task3.V0.Lib.csproj", "{853DBA3A-4BF3-48D1-8C84-BACF088F0F6D}"
EndProject
Project("{2150E333-8FDC-42A3-9474-1A3956D46DE8}") = "Task4", "Task4", "{89ADC90E-421E-4BB1-A9DC-0B28ED9EED6C}"
EndProject
Project("{9A19103F-16F7-4668-BE54-9A1E7A4F7556}") = "Tyuiu.GubanovaSO.Sprint0.Task4.V0", "Tyuiu.GubanovaSO.Sprint0.Task4.V0\Tyuiu.GubanovaSO.Sprint0.Task4.V0.csproj", "{4287C7F9-D9B3-4B99-895D-B8A596421CED}"
EndProject
Project("{9A19103F-16F7-4668-BE54-9A1E7A4F7556}") = "Tyuiu.GubanovaSO.Sprint0.Task4.V0.Lib", "Tyuiu.GubanovaSO.Sprint0.Task4.V0.Lib\Tyuiu.GubanovaSO.Sprint0.Task4.V0.Lib.csproj", "{2FACB451-1C85-4472-B1A0-4D06157DAF4C}"
EndProject
Project("{9A19103F-16F7-4668-BE54-9A1E7A4F7556}") = "Tyuiu.GubanovaSO.Sprint0.Task4.V0.Test", "Tyuiu.GubanovaSO.Sprint0.Task4.V0.Test\Tyuiu.GubanovaSO.Sprint0.Task4.V0.Test.csproj", "{BCBC73D4-9FA8-4927-8958-47242974F788}"
EndProject
Project("{2150E333-8FDC-42A3-9474-1A3956D46DE8}") = "Task5", "Task5", "{03776327-F5CD-4117-899B-EFEA8EA09473}"
EndProject
Project("{9A19103F-16F7-4668-BE54-9A1E7A4F7556}") = "Tyuiu.GubanovaSO.Sprint0.Task5.V0", "Tyuiu.GubanovaSO.Sprint0.Task5.V0\Tyuiu.GubanovaSO.Sprint0.Task5.V0.csproj", "{472449DB-E30B-46B9-9667-F93756A4B9A8}"
EndProject
Project("{9A19103F-16F7-4668-BE54-9A1E7A4F7556}") = "Tyuiu.GubanovaSO.Sprint0.Task5.V0.Lib", "Tyuiu.GubanovaSO.Sprint0.Task5.V0.Lib\Tyuiu.GubanovaSO.Sprint0.Task5.V0.Lib.csproj", "{4D9AC57C-B577-468C-AAD8-F62F7B4102D1}"
EndProject
Project("{9A19103F-16F7-4668-BE54-9A1E7A4F7556}") = "Tyuiu.GubanovaSO.Sprint0.Task5.V0.Test", "Tyuiu.GubanovaSO.Sprint0.Task5.V0.Test\Tyuiu.GubanovaSO.Sprint0.Task5.V0.Test.csproj", "{BE77B5BA-B3DF-4803-B952-5DD01E76ADE3}"
EndProject
Project("{2150E333-8FDC-42A3-9474-1A3956D46DE8}") = "Task6", "Task6", "{6301E43D-96DC-490F-BE23-14EB25C085EB}"
EndProject
Project("{9A19103F-16F7-4668-BE54-9A1E7A4F7556}") = "Tyuiu.GubanovaSO.Sprint0.Task6.V0", "Tyuiu.GubanovaSO.Sprint0.Task6.V0\Tyuiu.GubanovaSO.Sprint0.Task6.V0.csproj", "{519D5074-DDDC-4E13-A6FC-1F172BEFF5D1}"
EndProject
Project("{9A19103F-16F7-4668-BE54-9A1E7A4F7556}") = "Tyuiu.GubanovaSO.Sprint0.Task6.V0.Test", "Tyuiu.GubanovaSO.Sprint0.Task6.V0.Test\Tyuiu.GubanovaSO.Sprint0.Task6.V0.Test.csproj", "{BE8DF1F7-B4DD-4BC6-96DC-1C913B9D481A}"
EndProject
Project("{9A19103F-16F7-4668-BE54-9A1E7A4F7556}") = "Tyuiu.GubanovaSO.Sprint0.Task6.V0.Lib", "Tyuiu.GubanovaSO.Sprint0.Task6.V0.Lib\Tyuiu.GubanovaSO.Sprint0.Task6.V0.Lib.csproj", "{535B1312-A3C6-4D5A-938E-244D3D7A26D6}"
EndProject
Project("{2150E333-8FDC-42A3-9474-1A3956D46DE8}") = "Task7", "Task7", "{9CCB132F-3878-4CD4-AB43-4E7C5B79B082}"
EndProject
Project("{FAE04EC0-301F-11D3-BF4B-00C04F79EFBC}") = "Tyuiu.GubanovaSO.Sprint0.Task7.V0", "Tyuiu.GubanovaSO.Sprint0.Task7.V0\Tyuiu.GubanovaSO.Sprint0.Task7.V0.csproj", "{E5F7CA76-A0B7-4112-837D-61C01ABC975C}"
EndProject
Project("{FAE04EC0-301F-11D3-BF4B-00C04F79EFBC}") = "Tyuiu.GubanovaSO.Sprint0.Task7.V0.Lib", "Tyuiu.GubanovaSO.Sprint0.Task7.V0.Lib\Tyuiu.GubanovaSO.Sprint0.Task7.V0.Lib.csproj", "{E9F28977-2CF0-4EF6-AF6F-F6A7FAD4A59C}"
EndProject
Project("{FAE04EC0-301F-11D3-BF4B-00C04F79EFBC}") = "Tyuiu.GubanovaSO.Sprint0.Task7.V0.Test", "Tyuiu.GubanovaSO.Sprint0.Task7.V0.Test\Tyuiu.GubanovaSO.Sprint0.Task7.V0.Test.csproj", "{2C5BDF17-EF44-470E-BC44-F6313AD52B12}"
EndProject
Global
	GlobalSection(SolutionConfigurationPlatforms) = preSolution
		Debug|Any CPU = Debug|Any CPU
		Release|Any CPU = Release|Any CPU
	EndGlobalSection
	GlobalSection(ProjectConfigurationPlatforms) = postSolution
		{ED6F54A0-861F-46CA-AB6E-6DE8268F8310}.Debug|Any CPU.ActiveCfg = Debug|Any CPU
		{ED6F54A0-861F-46CA-AB6E-6DE8268F8310}.Debug|Any CPU.Build.0 = Debug|Any CPU
		{ED6F54A0-861F-46CA-AB6E-6DE8268F8310}.Release|Any CPU.ActiveCfg = Release|Any CPU
		{ED6F54A0-861F-46CA-AB6E-6DE8268F8310}.Release|Any CPU.Build.0 = Release|Any CPU
		{26793B43-1392-4C75-B5AD-BE9865D92D5F}.Debug|Any CPU.ActiveCfg = Debug|Any CPU
		{26793B43-1392-4C75-B5AD-BE9865D92D5F}.Debug|Any CPU.Build.0 = Debug|Any CPU
		{26793B43-1392-4C75-B5AD-BE9865D92D5F}.Release|Any CPU.ActiveCfg = Release|Any CPU
		{26793B43-1392-4C75-B5AD-BE9865D92D5F}.Release|Any CPU.Build.0 = Release|Any CPU
		{4D5735FA-9697-4A12-8CE2-B96179281CF2}.Debug|Any CPU.ActiveCfg = Debug|Any CPU
		{4D5735FA-9697-4A12-8CE2-B96179281CF2}.Debug|Any CPU.Build.0 = Debug|Any CPU
		{4D5735FA-9697-4A12-8CE2-B96179281CF2}.Release|Any CPU.ActiveCfg = Release|Any CPU
		{4D5735FA-9697-4A12-8CE2-B96179281CF2}.Release|Any CPU.Build.0 = Release|Any CPU
		{3F9B8957-BB71-410A-9473-BBDA45D1F428}.Debug|Any CPU.ActiveCfg = Debug|Any CPU
		{3F9B8957-BB71-410A-9473-BBDA45D1F428}.Debug|Any CPU.Build.0 = Debug|Any CPU
		{3F9B8957-BB71-410A-9473-BBDA45D1F428}.Release|Any CPU.ActiveCfg = Release|Any CPU
		{3F9B8957-BB71-410A-9473-BBDA45D1F428}.Release|Any CPU.Build.0 = Release|Any CPU
		{7D70A032-84F0-4FC1-93AC-36008952C1B3}.Debug|Any CPU.ActiveCfg = Debug|Any CPU
		{7D70A032-84F0-4FC1-93AC-36008952C1B3}.Debug|Any CPU.Build.0 = Debug|Any CPU
		{7D70A032-84F0-4FC1-93AC-36008952C1B3}.Release|Any CPU.ActiveCfg = Release|Any CPU
		{7D70A032-84F0-4FC1-93AC-36008952C1B3}.Release|Any CPU.Build.0 = Release|Any CPU
		{D85295DA-7C26-4F58-8DBD-D2F50FD4E6D5}.Debug|Any CPU.ActiveCfg = Debug|Any CPU
		{D85295DA-7C26-4F58-8DBD-D2F50FD4E6D5}.Debug|Any CPU.Build.0 = Debug|Any CPU
		{D85295DA-7C26-4F58-8DBD-D2F50FD4E6D5}.Release|Any CPU.ActiveCfg = Release|Any CPU
		{D85295DA-7C26-4F58-8DBD-D2F50FD4E6D5}.Release|Any CPU.Build.0 = Release|Any CPU
		{1ACE3069-0300-41E3-9B71-0954F3649439}.Debug|Any CPU.ActiveCfg = Debug|Any CPU
		{1ACE3069-0300-41E3-9B71-0954F3649439}.Debug|Any CPU.Build.0 = Debug|Any CPU
		{1ACE3069-0300-41E3-9B71-0954F3649439}.Release|Any CPU.ActiveCfg = Release|Any CPU
		{1ACE3069-0300-41E3-9B71-0954F3649439}.Release|Any CPU.Build.0 = Release|Any CPU
		{853DBA3A-4BF3-48D1-8C84-BACF088F0F6D}.Debug|Any CPU.ActiveCfg = Debug|Any CPU
		{853DBA3A-4BF3-48D1-8C84-BACF088F0F6D}.Debug|Any CPU.Build.0 = Debug|Any CPU
		{853DBA3A-4BF3-48D1-8C84-BACF088F0F6D}.Release|Any CPU.ActiveCfg = Release|Any CPU
		{853DBA3A-4BF3-48D1-8C84-BACF088F0F6D}.Release|Any CPU.Build.0 = Release|Any CPU
		{4287C7F9-D9B3-4B99-895D-B8A596421CED}.Debug|Any CPU.ActiveCfg = Debug|Any CPU
		{4287C7F9-D9B3-4B99-895D-B8A596421CED}.Debug|Any CPU.Build.0 = Debug|Any CPU
		{4287C7F9-D9B3-4B99-895D-B8A596421CED}.Release|Any CPU.ActiveCfg = Release|Any CPU
		{4287C7F9-D9B3-4B99-895D-B8A596421CED}.Release|Any CPU.Build.0 = Release|Any CPU
		{2FACB451-1C85-4472-B1A0-4D06157DAF4C}.Debug|Any CPU.ActiveCfg = Debug|Any CPU
		{2FACB451-1C85-4472-B1A0-4D06157DAF4C}.Debug|Any CPU.Build.0 = Debug|Any CPU
		{2FACB451-1C85-4472-B1A0-4D06157DAF4C}.Release|Any CPU.ActiveCfg = Release|Any CPU
		{2FACB451-1C85-4472-B1A0-4D06157DAF4C}.Release|Any CPU.Build.0 = Release|Any CPU
		{BCBC73D4-9FA8-4927-8958-47242974F788}.Debug|Any CPU.ActiveCfg = Debug|Any CPU
		{BCBC73D4-9FA8-4927-8958-47242974F788}.Debug|Any CPU.Build.0 = Debug|Any CPU
		{BCBC73D4-9FA8-4927-8958-47242974F788}.Release|Any CPU.ActiveCfg = Release|Any CPU
		{BCBC73D4-9FA8-4927-8958-47242974F788}.Release|Any CPU.Build.0 = Release|Any CPU
		{472449DB-E30B-46B9-9667-F93756A4B9A8}.Debug|Any CPU.ActiveCfg = Debug|Any CPU
		{472449DB-E30B-46B9-9667-F93756A4B9A8}.Debug|Any CPU.Build.0 = Debug|Any CPU
		{472449DB-E30B-46B9-9667-F93756A4B9A8}.Release|Any CPU.ActiveCfg = Release|Any CPU
		{472449DB-E30B-46B9-9667-F93756A4B9A8}.Release|Any CPU.Build.0 = Release|Any CPU
		{4D9AC57C-B577-468C-AAD8-F62F7B4102D1}.Debug|Any CPU.ActiveCfg = Debug|Any CPU
		{4D9AC57C-B577-468C-AAD8-F62F7B4102D1}.Debug|Any CPU.Build.0 = Debug|Any CPU
		{4D9AC57C-B577-468C-AAD8-F62F7B4102D1}.Release|Any CPU.ActiveCfg = Release|Any CPU
		{4D9AC57C-B577-468C-AAD8-F62F7B4102D1}.Release|Any CPU.Build.0 = Release|Any CPU
		{BE77B5BA-B3DF-4803-B952-5DD01E76ADE3}.Debug|Any CPU.ActiveCfg = Debug|Any CPU
		{BE77B5BA-B3DF-4803-B952-5DD01E76ADE3}.Debug|Any CPU.Build.0 = Debug|Any CPU
		{BE77B5BA-B3DF-4803-B952-5DD01E76ADE3}.Release|Any CPU.ActiveCfg = Release|Any CPU
		{BE77B5BA-B3DF-4803-B952-5DD01E76ADE3}.Release|Any CPU.Build.0 = Release|Any CPU
		{519D5074-DDDC-4E13-A6FC-1F172BEFF5D1}.Debug|Any CPU.ActiveCfg = Debug|Any CPU
		{519D5074-DDDC-4E13-A6FC-1F172BEFF5D1}.Debug|Any CPU.Build.0 = Debug|Any CPU
		{519D5074-DDDC-4E13-A6FC-1F172BEFF5D1}.Release|Any CPU.ActiveCfg = Release|Any CPU
		{519D5074-DDDC-4E13-A6FC-1F172BEFF5D1}.Release|Any CPU.Build.0 = Release|Any CPU
		{BE8DF1F7-B4DD-4BC6-96DC-1C913B9D481A}.Debug|Any CPU.ActiveCfg = Debug|Any CPU
		{BE8DF1F7-B4DD-4BC6-96DC-1C913B9D481A}.Debug|Any CPU.Build.0 = Debug|Any CPU
		{BE8DF1F7-B4DD-4BC6-96DC-1C913B9D481A}.Release|Any CPU.ActiveCfg = Release|Any CPU
		{BE8DF1F7-B4DD-4BC6-96DC-1C913B9D481A}.Release|Any CPU.Build.0 = Release|Any CPU
		{535B1312-A3C6-4D5A-938E-244D3D7A26D6}.Debug|Any CPU.ActiveCfg = Debug|Any CPU
		{535B1312-A3C6-4D5A-938E-244D3D7A26D6}.Debug|Any CPU.Build.0 = Debug|Any CPU
		{535B1312-A3C6-4D5A-938E-244D3D7A26D6}.Release|Any CPU.ActiveCfg = Release|Any CPU
		{535B1312-A3C6-4D5A-938E-244D3D7A26D6}.Release|Any CPU.Build.0 = Release|Any CPU
		{E5F7CA76-A0B7-4112-837D-61C01ABC975C}.Debug|Any CPU.ActiveCfg = Debug|Any CPU
		{E5F7CA76-A0B7-4112-837D-61C01ABC975C}.Debug|Any CPU.Build.0 = Debug|Any CPU
		{E5F7CA76-A0B7-4112-837D-61C01ABC975C}.Release|Any CPU.ActiveCfg = Release|Any CPU
		{E5F7CA76-A0B7-4112-837D-61C01ABC975C}.Release|Any CPU.Build.0 = Release|Any CPU
		{E9F28977-2CF0-4EF6-AF6F-F6A7FAD4A59C}.Debug|Any CPU.ActiveCfg = Debug|Any CPU
		{E9F28977-2CF0-4EF6-AF6F-F6A7FAD4A59C}.Debug|Any CPU.Build.0 = Debug|Any CPU
		{E9F28977-2CF0-4EF6-AF6F-F6A7FAD4A59C}.Release|Any CPU.ActiveCfg = Release|Any CPU
		{E9F28977-2CF0-4EF6-AF6F-F6A7FAD4A59C}.Release|Any CPU.Build.0 = Release|Any CPU
		{2C5BDF17-EF44-470E-BC44-F6313AD52B12}.Debug|Any CPU.ActiveCfg = Debug|Any CPU
		{2C5BDF17-EF44-470E-BC44-F6313AD52B12}.Debug|Any CPU.Build.0 = Debug|Any CPU
		{2C5BDF17-EF44-470E-BC44-F6313AD52B12}.Release|Any CPU.ActiveCfg = Release|Any CPU
		{2C5BDF17-EF44-470E-BC44-F6313AD52B12}.Release|Any CPU.Build.0 = Release|Any CPU
	EndGlobalSection
	GlobalSection(SolutionProperties) = preSolution
		HideSolutionNode = FALSE
	EndGlobalSection
	GlobalSection(NestedProjects) = preSolution
		{ED6F54A0-861F-46CA-AB6E-6DE8268F8310} = {14C8D234-5170-4193-AA96-2D82DE264D10}
		{26793B43-1392-4C75-B5AD-BE9865D92D5F} = {B22CC0B2-EEC9-4898-96C8-D51045C9A009}
		{4D5735FA-9697-4A12-8CE2-B96179281CF2} = {B316103A-7D14-45D4-AF2A-5A28EC098D78}
		{3F9B8957-BB71-410A-9473-BBDA45D1F428} = {B316103A-7D14-45D4-AF2A-5A28EC098D78}
		{7D70A032-84F0-4FC1-93AC-36008952C1B3} = {B316103A-7D14-45D4-AF2A-5A28EC098D78}
		{D85295DA-7C26-4F58-8DBD-D2F50FD4E6D5} = {58CDE43E-EEA5-464C-9F02-97109A7A8885}
		{1ACE3069-0300-41E3-9B71-0954F3649439} = {58CDE43E-EEA5-464C-9F02-97109A7A8885}
		{853DBA3A-4BF3-48D1-8C84-BACF088F0F6D} = {58CDE43E-EEA5-464C-9F02-97109A7A8885}
		{4287C7F9-D9B3-4B99-895D-B8A596421CED} = {89ADC90E-421E-4BB1-A9DC-0B28ED9EED6C}
		{2FACB451-1C85-4472-B1A0-4D06157DAF4C} = {89ADC90E-421E-4BB1-A9DC-0B28ED9EED6C}
		{BCBC73D4-9FA8-4927-8958-47242974F788} = {89ADC90E-421E-4BB1-A9DC-0B28ED9EED6C}
		{472449DB-E30B-46B9-9667-F93756A4B9A8} = {03776327-F5CD-4117-899B-EFEA8EA09473}
		{4D9AC57C-B577-468C-AAD8-F62F7B4102D1} = {03776327-F5CD-4117-899B-EFEA8EA09473}
		{BE77B5BA-B3DF-4803-B952-5DD01E76ADE3} = {03776327-F5CD-4117-899B-EFEA8EA09473}
		{519D5074-DDDC-4E13-A6FC-1F172BEFF5D1} = {6301E43D-96DC-490F-BE23-14EB25C085EB}
		{BE8DF1F7-B4DD-4BC6-96DC-1C913B9D481A} = {6301E43D-96DC-490F-BE23-14EB25C085EB}
		{535B1312-A3C6-4D5A-938E-244D3D7A26D6} = {6301E43D-96DC-490F-BE23-14EB25C085EB}
		{E5F7CA76-A0B7-4112-837D-61C01ABC975C} = {9CCB132F-3878-4CD4-AB43-4E7C5B79B082}
		{E9F28977-2CF0-4EF6-AF6F-F6A7FAD4A59C} = {9CCB132F-3878-4CD4-AB43-4E7C5B79B082}
		{2C5BDF17-EF44-470E-BC44-F6313AD52B12} = {9CCB132F-3878-4CD4-AB43-4E7C5B79B082}
	EndGlobalSection
	GlobalSection(ExtensibilityGlobals) = postSolution
		SolutionGuid = {580BE839-7FB8-4849-BB5C-C9EE1433BFB5}
	EndGlobalSection
EndGlobal
